
Microsoft Visual Studio Solution File, Format Version 12.00
# Visual Studio Version 16
VisualStudioVersion = 16.0.30717.126
MinimumVisualStudioVersion = 15.0.26124.0
Project("{2150E333-8FDC-42A3-9474-1A3956D46DE8}") = "src", "src", "{8D2FB7EE-6F79-4C39-AE70-7BEAAD72B4C3}"
EndProject
Project("{9A19103F-16F7-4668-BE54-9A1E7A4F7556}") = "Actio.Api", "src\Actio.Api\Actio.Api.csproj", "{D9406FD9-AA4F-4EDF-AB5D-2D96AFA74AA7}"
EndProject
Project("{9A19103F-16F7-4668-BE54-9A1E7A4F7556}") = "Actio.Common", "src\Actio.Common\Actio.Common.csproj", "{201192A3-D6F7-46FD-B8B3-FA196440F178}"
EndProject
Project("{9A19103F-16F7-4668-BE54-9A1E7A4F7556}") = "Actio.Services.Identity", "src\Actio.Services.Identity\Actio.Services.Identity.csproj", "{750EEA29-C823-4315-B57A-1EB70D614B64}"
EndProject
Project("{9A19103F-16F7-4668-BE54-9A1E7A4F7556}") = "Actio.Services.Activities", "src\Actio.Services.Activities\Actio.Services.Activities.csproj", "{121753AF-2987-4EB7-8D3B-9B813DF59ED0}"
EndProject
Project("{FAE04EC0-301F-11D3-BF4B-00C04F79EFBC}") = "Actio.Api.Tests", "Actio.Api.Tests\Actio.Api.Tests.csproj", "{012BD860-FB49-486F-BFB4-2FF0FFB68260}"
EndProject
Project("{FAE04EC0-301F-11D3-BF4B-00C04F79EFBC}") = "Actio.Services.Activities.Tests", "Actio.Services.Activities.Tests\Actio.Services.Activities.Tests.csproj", "{2A01F4E8-1800-4929-9B12-B4DDC329547D}"
EndProject
Project("{FAE04EC0-301F-11D3-BF4B-00C04F79EFBC}") = "Actio.Services.Identity.Tests", "Actio.Services.Identity.Tests\Actio.Services.Identity.Tests.csproj", "{8B1D6F30-B135-4525-B1D1-FE7632D59997}"
EndProject
Global
	GlobalSection(SolutionConfigurationPlatforms) = preSolution
		Debug|Any CPU = Debug|Any CPU
		Debug|x64 = Debug|x64
		Debug|x86 = Debug|x86
		Release|Any CPU = Release|Any CPU
		Release|x64 = Release|x64
		Release|x86 = Release|x86
	EndGlobalSection
	GlobalSection(ProjectConfigurationPlatforms) = postSolution
		{D9406FD9-AA4F-4EDF-AB5D-2D96AFA74AA7}.Debug|Any CPU.ActiveCfg = Debug|Any CPU
		{D9406FD9-AA4F-4EDF-AB5D-2D96AFA74AA7}.Debug|Any CPU.Build.0 = Debug|Any CPU
		{D9406FD9-AA4F-4EDF-AB5D-2D96AFA74AA7}.Debug|x64.ActiveCfg = Debug|Any CPU
		{D9406FD9-AA4F-4EDF-AB5D-2D96AFA74AA7}.Debug|x64.Build.0 = Debug|Any CPU
		{D9406FD9-AA4F-4EDF-AB5D-2D96AFA74AA7}.Debug|x86.ActiveCfg = Debug|Any CPU
		{D9406FD9-AA4F-4EDF-AB5D-2D96AFA74AA7}.Debug|x86.Build.0 = Debug|Any CPU
		{D9406FD9-AA4F-4EDF-AB5D-2D96AFA74AA7}.Release|Any CPU.ActiveCfg = Release|Any CPU
		{D9406FD9-AA4F-4EDF-AB5D-2D96AFA74AA7}.Release|Any CPU.Build.0 = Release|Any CPU
		{D9406FD9-AA4F-4EDF-AB5D-2D96AFA74AA7}.Release|x64.ActiveCfg = Release|Any CPU
		{D9406FD9-AA4F-4EDF-AB5D-2D96AFA74AA7}.Release|x64.Build.0 = Release|Any CPU
		{D9406FD9-AA4F-4EDF-AB5D-2D96AFA74AA7}.Release|x86.ActiveCfg = Release|Any CPU
		{D9406FD9-AA4F-4EDF-AB5D-2D96AFA74AA7}.Release|x86.Build.0 = Release|Any CPU
		{201192A3-D6F7-46FD-B8B3-FA196440F178}.Debug|Any CPU.ActiveCfg = Debug|Any CPU
		{201192A3-D6F7-46FD-B8B3-FA196440F178}.Debug|Any CPU.Build.0 = Debug|Any CPU
		{201192A3-D6F7-46FD-B8B3-FA196440F178}.Debug|x64.ActiveCfg = Debug|Any CPU
		{201192A3-D6F7-46FD-B8B3-FA196440F178}.Debug|x64.Build.0 = Debug|Any CPU
		{201192A3-D6F7-46FD-B8B3-FA196440F178}.Debug|x86.ActiveCfg = Debug|Any CPU
		{201192A3-D6F7-46FD-B8B3-FA196440F178}.Debug|x86.Build.0 = Debug|Any CPU
		{201192A3-D6F7-46FD-B8B3-FA196440F178}.Release|Any CPU.ActiveCfg = Release|Any CPU
		{201192A3-D6F7-46FD-B8B3-FA196440F178}.Release|Any CPU.Build.0 = Release|Any CPU
		{201192A3-D6F7-46FD-B8B3-FA196440F178}.Release|x64.ActiveCfg = Release|Any CPU
		{201192A3-D6F7-46FD-B8B3-FA196440F178}.Release|x64.Build.0 = Release|Any CPU
		{201192A3-D6F7-46FD-B8B3-FA196440F178}.Release|x86.ActiveCfg = Release|Any CPU
		{201192A3-D6F7-46FD-B8B3-FA196440F178}.Release|x86.Build.0 = Release|Any CPU
		{750EEA29-C823-4315-B57A-1EB70D614B64}.Debug|Any CPU.ActiveCfg = Debug|Any CPU
		{750EEA29-C823-4315-B57A-1EB70D614B64}.Debug|Any CPU.Build.0 = Debug|Any CPU
		{750EEA29-C823-4315-B57A-1EB70D614B64}.Debug|x64.ActiveCfg = Debug|Any CPU
		{750EEA29-C823-4315-B57A-1EB70D614B64}.Debug|x64.Build.0 = Debug|Any CPU
		{750EEA29-C823-4315-B57A-1EB70D614B64}.Debug|x86.ActiveCfg = Debug|Any CPU
		{750EEA29-C823-4315-B57A-1EB70D614B64}.Debug|x86.Build.0 = Debug|Any CPU
		{750EEA29-C823-4315-B57A-1EB70D614B64}.Release|Any CPU.ActiveCfg = Release|Any CPU
		{750EEA29-C823-4315-B57A-1EB70D614B64}.Release|Any CPU.Build.0 = Release|Any CPU
		{750EEA29-C823-4315-B57A-1EB70D614B64}.Release|x64.ActiveCfg = Release|Any CPU
		{750EEA29-C823-4315-B57A-1EB70D614B64}.Release|x64.Build.0 = Release|Any CPU
		{750EEA29-C823-4315-B57A-1EB70D614B64}.Release|x86.ActiveCfg = Release|Any CPU
		{750EEA29-C823-4315-B57A-1EB70D614B64}.Release|x86.Build.0 = Release|Any CPU
		{121753AF-2987-4EB7-8D3B-9B813DF59ED0}.Debug|Any CPU.ActiveCfg = Debug|Any CPU
		{121753AF-2987-4EB7-8D3B-9B813DF59ED0}.Debug|Any CPU.Build.0 = Debug|Any CPU
		{121753AF-2987-4EB7-8D3B-9B813DF59ED0}.Debug|x64.ActiveCfg = Debug|Any CPU
		{121753AF-2987-4EB7-8D3B-9B813DF59ED0}.Debug|x64.Build.0 = Debug|Any CPU
		{121753AF-2987-4EB7-8D3B-9B813DF59ED0}.Debug|x86.ActiveCfg = Debug|Any CPU
		{121753AF-2987-4EB7-8D3B-9B813DF59ED0}.Debug|x86.Build.0 = Debug|Any CPU
		{121753AF-2987-4EB7-8D3B-9B813DF59ED0}.Release|Any CPU.ActiveCfg = Release|Any CPU
		{121753AF-2987-4EB7-8D3B-9B813DF59ED0}.Release|Any CPU.Build.0 = Release|Any CPU
		{121753AF-2987-4EB7-8D3B-9B813DF59ED0}.Release|x64.ActiveCfg = Release|Any CPU
		{121753AF-2987-4EB7-8D3B-9B813DF59ED0}.Release|x64.Build.0 = Release|Any CPU
		{121753AF-2987-4EB7-8D3B-9B813DF59ED0}.Release|x86.ActiveCfg = Release|Any CPU
		{121753AF-2987-4EB7-8D3B-9B813DF59ED0}.Release|x86.Build.0 = Release|Any CPU
		{012BD860-FB49-486F-BFB4-2FF0FFB68260}.Debug|Any CPU.ActiveCfg = Debug|Any CPU
		{012BD860-FB49-486F-BFB4-2FF0FFB68260}.Debug|Any CPU.Build.0 = Debug|Any CPU
		{012BD860-FB49-486F-BFB4-2FF0FFB68260}.Debug|x64.ActiveCfg = Debug|Any CPU
		{012BD860-FB49-486F-BFB4-2FF0FFB68260}.Debug|x64.Build.0 = Debug|Any CPU
		{012BD860-FB49-486F-BFB4-2FF0FFB68260}.Debug|x86.ActiveCfg = Debug|Any CPU
		{012BD860-FB49-486F-BFB4-2FF0FFB68260}.Debug|x86.Build.0 = Debug|Any CPU
		{012BD860-FB49-486F-BFB4-2FF0FFB68260}.Release|Any CPU.ActiveCfg = Release|Any CPU
		{012BD860-FB49-486F-BFB4-2FF0FFB68260}.Release|Any CPU.Build.0 = Release|Any CPU
		{012BD860-FB49-486F-BFB4-2FF0FFB68260}.Release|x64.ActiveCfg = Release|Any CPU
		{012BD860-FB49-486F-BFB4-2FF0FFB68260}.Release|x64.Build.0 = Release|Any CPU
		{012BD860-FB49-486F-BFB4-2FF0FFB68260}.Release|x86.ActiveCfg = Release|Any CPU
		{012BD860-FB49-486F-BFB4-2FF0FFB68260}.Release|x86.Build.0 = Release|Any CPU
		{2A01F4E8-1800-4929-9B12-B4DDC329547D}.Debug|Any CPU.ActiveCfg = Debug|Any CPU
		{2A01F4E8-1800-4929-9B12-B4DDC329547D}.Debug|Any CPU.Build.0 = Debug|Any CPU
		{2A01F4E8-1800-4929-9B12-B4DDC329547D}.Debug|x64.ActiveCfg = Debug|Any CPU
		{2A01F4E8-1800-4929-9B12-B4DDC329547D}.Debug|x64.Build.0 = Debug|Any CPU
		{2A01F4E8-1800-4929-9B12-B4DDC329547D}.Debug|x86.ActiveCfg = Debug|Any CPU
		{2A01F4E8-1800-4929-9B12-B4DDC329547D}.Debug|x86.Build.0 = Debug|Any CPU
		{2A01F4E8-1800-4929-9B12-B4DDC329547D}.Release|Any CPU.ActiveCfg = Release|Any CPU
		{2A01F4E8-1800-4929-9B12-B4DDC329547D}.Release|Any CPU.Build.0 = Release|Any CPU
		{2A01F4E8-1800-4929-9B12-B4DDC329547D}.Release|x64.ActiveCfg = Release|Any CPU
		{2A01F4E8-1800-4929-9B12-B4DDC329547D}.Release|x64.Build.0 = Release|Any CPU
		{2A01F4E8-1800-4929-9B12-B4DDC329547D}.Release|x86.ActiveCfg = Release|Any CPU
		{2A01F4E8-1800-4929-9B12-B4DDC329547D}.Release|x86.Build.0 = Release|Any CPU
		{8B1D6F30-B135-4525-B1D1-FE7632D59997}.Debug|Any CPU.ActiveCfg = Debug|Any CPU
		{8B1D6F30-B135-4525-B1D1-FE7632D59997}.Debug|Any CPU.Build.0 = Debug|Any CPU
		{8B1D6F30-B135-4525-B1D1-FE7632D59997}.Debug|x64.ActiveCfg = Debug|Any CPU
		{8B1D6F30-B135-4525-B1D1-FE7632D59997}.Debug|x64.Build.0 = Debug|Any CPU
		{8B1D6F30-B135-4525-B1D1-FE7632D59997}.Debug|x86.ActiveCfg = Debug|Any CPU
		{8B1D6F30-B135-4525-B1D1-FE7632D59997}.Debug|x86.Build.0 = Debug|Any CPU
		{8B1D6F30-B135-4525-B1D1-FE7632D59997}.Release|Any CPU.ActiveCfg = Release|Any CPU
		{8B1D6F30-B135-4525-B1D1-FE7632D59997}.Release|Any CPU.Build.0 = Release|Any CPU
		{8B1D6F30-B135-4525-B1D1-FE7632D59997}.Release|x64.ActiveCfg = Release|Any CPU
		{8B1D6F30-B135-4525-B1D1-FE7632D59997}.Release|x64.Build.0 = Release|Any CPU
		{8B1D6F30-B135-4525-B1D1-FE7632D59997}.Release|x86.ActiveCfg = Release|Any CPU
		{8B1D6F30-B135-4525-B1D1-FE7632D59997}.Release|x86.Build.0 = Release|Any CPU
	EndGlobalSection
	GlobalSection(SolutionProperties) = preSolution
		HideSolutionNode = FALSE
	EndGlobalSection
	GlobalSection(NestedProjects) = preSolution
		{D9406FD9-AA4F-4EDF-AB5D-2D96AFA74AA7} = {8D2FB7EE-6F79-4C39-AE70-7BEAAD72B4C3}
		{201192A3-D6F7-46FD-B8B3-FA196440F178} = {8D2FB7EE-6F79-4C39-AE70-7BEAAD72B4C3}
		{750EEA29-C823-4315-B57A-1EB70D614B64} = {8D2FB7EE-6F79-4C39-AE70-7BEAAD72B4C3}
		{121753AF-2987-4EB7-8D3B-9B813DF59ED0} = {8D2FB7EE-6F79-4C39-AE70-7BEAAD72B4C3}
		{012BD860-FB49-486F-BFB4-2FF0FFB68260} = {8D2FB7EE-6F79-4C39-AE70-7BEAAD72B4C3}
		{2A01F4E8-1800-4929-9B12-B4DDC329547D} = {8D2FB7EE-6F79-4C39-AE70-7BEAAD72B4C3}
		{8B1D6F30-B135-4525-B1D1-FE7632D59997} = {8D2FB7EE-6F79-4C39-AE70-7BEAAD72B4C3}
	EndGlobalSection
	GlobalSection(ExtensibilityGlobals) = postSolution
		SolutionGuid = {457E93D9-66B4-44D8-8DC2-BA140A92D2F3}
	EndGlobalSection
EndGlobal
